<?xml version="1.0" encoding="utf-8"?>
<Project ToolsVersion="4.0" xmlns="http://schemas.microsoft.com/developer/msbuild/2003">
  <ItemGroup>
    <Filter Include="源文件">
      <UniqueIdentifier>{4FC737F1-C7A5-4376-A066-2A32D752A2FF}</UniqueIdentifier>
      <Extensions>cpp;c;cc;cxx;def;odl;idl;hpj;bat;asm;asmx</Extensions>
    </Filter>
    <Filter Include="头文件">
      <UniqueIdentifier>{93995380-89BD-4b04-88EB-625FBE52EBFB}</UniqueIdentifier>
      <Extensions>h;hh;hpp;hxx;hm;inl;inc;ipp;xsd</Extensions>
    </Filter>
    <Filter Include="资源文件">
      <UniqueIdentifier>{67DA6AB6-F800-4c08-8B7A-83BB121AAD01}</UniqueIdentifier>
      <Extensions>rc;ico;cur;bmp;dlg;rc2;rct;bin;rgs;gif;jpg;jpeg;jpe;resx;tiff;tif;png;wav;mfcribbon-ms</Extensions>
    </Filter>
    <Filter Include="头文件\Parser">
      <UniqueIdentifier>{e28e1608-f07c-4293-9821-39850398b066}</UniqueIdentifier>
    </Filter>
    <Filter Include="源文件\Parser">
      <UniqueIdentifier>{e6a5b0b2-e302-465e-8c70-0cce0a804e33}</UniqueIdentifier>
    </Filter>
    <Filter Include="头文件\Test">
      <UniqueIdentifier>{db1b81be-4104-48a4-8f11-99705edcfecf}</UniqueIdentifier>
    </Filter>
    <Filter Include="源文件\Test">
      <UniqueIdentifier>{51b5e4c8-d1dd-4597-8fcd-32f7c91118ec}</UniqueIdentifier>
    </Filter>
    <Filter Include="头文件\NFA">
      <UniqueIdentifier>{c3da0539-e9a0-404c-bc67-ac451832e04e}</UniqueIdentifier>
    </Filter>
    <Filter Include="源文件\NFA">
      <UniqueIdentifier>{2329b5c4-070b-4e03-9e68-3525105e178d}</UniqueIdentifier>
    </Filter>
  </ItemGroup>
  <ItemGroup>
    <ClCompile Include="src\main.cpp">
      <Filter>源文件</Filter>
    </ClCompile>
    <ClCompile Include="src\Parser\RegExpr.cpp">
      <Filter>源文件\Parser</Filter>
    </ClCompile>
    <ClCompile Include="src\Parser\RegExprParser.cpp">
      <Filter>源文件\Parser</Filter>
    </ClCompile>
    <ClCompile Include="src\Test\Test.cpp">
      <Filter>源文件\Test</Filter>
    </ClCompile>
    <ClCompile Include="src\NFA\State.cpp">
      <Filter>源文件\NFA</Filter>
    </ClCompile>
    <ClCompile Include="src\NFA\NFA.cpp">
      <Filter>源文件\NFA</Filter>
    </ClCompile>
  </ItemGroup>
  <ItemGroup>
    <ClInclude Include="src\Parser\RegExpr.h">
      <Filter>头文件\Parser</Filter>
    </ClInclude>
    <ClInclude Include="src\Parser\RegExprParser.h">
      <Filter>头文件\Parser</Filter>
    </ClInclude>
    <ClInclude Include="src\Test\Test.h">
      <Filter>头文件\Test</Filter>
    </ClInclude>
    <ClInclude Include="src\NFA\State.h">
      <Filter>头文件\NFA</Filter>
    </ClInclude>
    <ClInclude Include="src\NFA\NFA.h">
      <Filter>头文件\NFA</Filter>
    </ClInclude>
  </ItemGroup>
</Project>