<?xml version="1.0" encoding="utf-8"?>
<Project ToolsVersion="4.0" xmlns="http://schemas.microsoft.com/developer/msbuild/2003">
  <ItemGroup>
    <Filter Include="源文件">
      <UniqueIdentifier>{4FC737F1-C7A5-4376-A066-2A32D752A2FF}</UniqueIdentifier>
      <Extensions>cpp;c;cc;cxx;def;odl;idl;hpj;bat;asm;asmx</Extensions>
    </Filter>
    <Filter Include="头文件">
      <UniqueIdentifier>{93995380-89BD-4b04-88EB-625FBE52EBFB}</UniqueIdentifier>
      <Extensions>h;hh;hpp;hxx;hm;inl;inc;ipp;xsd</Extensions>
    </Filter>
    <Filter Include="资源文件">
      <UniqueIdentifier>{67DA6AB6-F800-4c08-8B7A-83BB121AAD01}</UniqueIdentifier>
      <Extensions>rc;ico;cur;bmp;dlg;rc2;rct;bin;rgs;gif;jpg;jpeg;jpe;resx;tiff;tif;png;wav;mfcribbon-ms</Extensions>
    </Filter>
    <Filter Include="头文件\Parser">
      <UniqueIdentifier>{e28e1608-f07c-4293-9821-39850398b066}</UniqueIdentifier>
    </Filter>
    <Filter Include="源文件\Parser">
      <UniqueIdentifier>{e6a5b0b2-e302-465e-8c70-0cce0a804e33}</UniqueIdentifier>
    </Filter>
    <Filter Include="头文件\Test">
      <UniqueIdentifier>{db1b81be-4104-48a4-8f11-99705edcfecf}</UniqueIdentifier>
    </Filter>
    <Filter Include="源文件\Test">
      <UniqueIdentifier>{51b5e4c8-d1dd-4597-8fcd-32f7c91118ec}</UniqueIdentifier>
    </Filter>
    <Filter Include="头文件\NFA">
      <UniqueIdentifier>{c3da0539-e9a0-404c-bc67-ac451832e04e}</UniqueIdentifier>
    </Filter>
    <Filter Include="源文件\NFA">
      <UniqueIdentifier>{2329b5c4-070b-4e03-9e68-3525105e178d}</UniqueIdentifier>
    </Filter>
    <Filter Include="头文件\Pattern">
      <UniqueIdentifier>{e959d0b2-fc9d-4755-87f4-b09b1f59d391}</UniqueIdentifier>
    </Filter>
    <Filter Include="源文件\Pattern">
      <UniqueIdentifier>{afe10a28-bd8a-4a12-b441-13d41213f59a}</UniqueIdentifier>
    </Filter>
    <Filter Include="头文件\Matcher">
      <UniqueIdentifier>{8c203580-63b4-4e50-8f79-2e7fb64d402c}</UniqueIdentifier>
    </Filter>
    <Filter Include="源文件\Matcher">
      <UniqueIdentifier>{0a64e467-15b7-4771-a5ad-7453b394914b}</UniqueIdentifier>
    </Filter>
    <Filter Include="头文件\Common">
      <UniqueIdentifier>{445a67c1-914d-4cef-a53c-888f73628039}</UniqueIdentifier>
    </Filter>
    <Filter Include="源文件\Common">
      <UniqueIdentifier>{ff81fb08-e7b0-467b-97ca-6b5b89b8031e}</UniqueIdentifier>
    </Filter>
  </ItemGroup>
  <ItemGroup>
    <ClCompile Include="src\main.cpp">
      <Filter>源文件</Filter>
    </ClCompile>
    <ClCompile Include="src\Parser\RegExprParser.cpp">
      <Filter>源文件\Parser</Filter>
    </ClCompile>
    <ClCompile Include="src\Test\Test.cpp">
      <Filter>源文件\Test</Filter>
    </ClCompile>
    <ClCompile Include="src\NFA\State.cpp">
      <Filter>源文件\NFA</Filter>
    </ClCompile>
    <ClCompile Include="src\NFA\NFAGraph.cpp">
      <Filter>源文件\NFA</Filter>
    </ClCompile>
    <ClCompile Include="src\NFA\NFA.cpp">
      <Filter>源文件\NFA</Filter>
    </ClCompile>
    <ClCompile Include="src\Pattern\Pattern.cpp">
      <Filter>源文件\Pattern</Filter>
    </ClCompile>
    <ClCompile Include="src\Test\StopWatch.cpp">
      <Filter>源文件\Test</Filter>
    </ClCompile>
    <ClCompile Include="src\NFA\DFA.cpp">
      <Filter>源文件\NFA</Filter>
    </ClCompile>
    <ClCompile Include="src\Matcher\Matcher.cpp">
      <Filter>源文件\Matcher</Filter>
    </ClCompile>
    <ClCompile Include="src\Common\Charset.cpp">
      <Filter>源文件\Common</Filter>
    </ClCompile>
  </ItemGroup>
  <ItemGroup>
    <ClInclude Include="src\Parser\RegExprParser.h">
      <Filter>头文件\Parser</Filter>
    </ClInclude>
    <ClInclude Include="src\Test\Test.h">
      <Filter>头文件\Test</Filter>
    </ClInclude>
    <ClInclude Include="src\NFA\State.h">
      <Filter>头文件\NFA</Filter>
    </ClInclude>
    <ClInclude Include="src\NFA\NFAGraph.h">
      <Filter>头文件\NFA</Filter>
    </ClInclude>
    <ClInclude Include="src\NFA\NFA.h">
      <Filter>头文件\NFA</Filter>
    </ClInclude>
    <ClInclude Include="src\Pattern\Pattern.h">
      <Filter>头文件\Pattern</Filter>
    </ClInclude>
    <ClInclude Include="src\Test\StopWatch.h">
      <Filter>头文件\Test</Filter>
    </ClInclude>
    <ClInclude Include="src\NFA\DFA.h">
      <Filter>头文件\NFA</Filter>
    </ClInclude>
    <ClInclude Include="src\Matcher\Matcher.h">
      <Filter>头文件\Matcher</Filter>
    </ClInclude>
    <ClInclude Include="src\Common\Charset.h">
      <Filter>头文件\Common</Filter>
    </ClInclude>
  </ItemGroup>
</Project>